
Microsoft Visual Studio Solution File, Format Version 12.00
# Visual Studio Version 17
VisualStudioVersion = 17.11.35312.102
MinimumVisualStudioVersion = 10.0.40219.1
Project("{FAE04EC0-301F-11D3-BF4B-00C04F79EFBC}") = "Carassessment4", "Carassessment4.csproj", "{AC13C0A2-6650-4D79-BE59-A4F04AD2AA2E}"
EndProject
Global
	GlobalSection(SolutionConfigurationPlatforms) = preSolution
		Debug|Any CPU = Debug|Any CPU
		Release|Any CPU = Release|Any CPU
	EndGlobalSection
	GlobalSection(ProjectConfigurationPlatforms) = postSolution
		{AC13C0A2-6650-4D79-BE59-A4F04AD2AA2E}.Debug|Any CPU.ActiveCfg = Debug|Any CPU
		{AC13C0A2-6650-4D79-BE59-A4F04AD2AA2E}.Debug|Any CPU.Build.0 = Debug|Any CPU
		{AC13C0A2-6650-4D79-BE59-A4F04AD2AA2E}.Release|Any CPU.ActiveCfg = Release|Any CPU
		{AC13C0A2-6650-4D79-BE59-A4F04AD2AA2E}.Release|Any CPU.Build.0 = Release|Any CPU
	EndGlobalSection
	GlobalSection(SolutionProperties) = preSolution
		HideSolutionNode = FALSE
	EndGlobalSection
	GlobalSection(ExtensibilityGlobals) = postSolution
		SolutionGuid = {712DA3F1-F244-46E9-87C2-B89C9EE642A6}
	EndGlobalSection
EndGlobal
